// !$*UTF8*$!
{
	archiveVersion = 1;
	classes = {
	};
	objectVersion = 50;
	objects = {

/* Begin PBXBuildFile section */
		3D9FEE0E262F0E4800E99853 /* AppDelegate.swift in Sources */ = {isa = PBXBuildFile; fileRef = 3D9FEE0D262F0E4800E99853 /* AppDelegate.swift */; };
		3D9FEE10262F0E4800E99853 /* SceneDelegate.swift in Sources */ = {isa = PBXBuildFile; fileRef = 3D9FEE0F262F0E4800E99853 /* SceneDelegate.swift */; };
		3D9FEE12262F0E4800E99853 /* ViewController.swift in Sources */ = {isa = PBXBuildFile; fileRef = 3D9FEE11262F0E4800E99853 /* ViewController.swift */; };
		3D9FEE15262F0E4800E99853 /* Main.storyboard in Resources */ = {isa = PBXBuildFile; fileRef = 3D9FEE13262F0E4800E99853 /* Main.storyboard */; };
		3D9FEE17262F0E4A00E99853 /* Assets.xcassets in Resources */ = {isa = PBXBuildFile; fileRef = 3D9FEE16262F0E4A00E99853 /* Assets.xcassets */; };
		3D9FEE1A262F0E4A00E99853 /* LaunchScreen.storyboard in Resources */ = {isa = PBXBuildFile; fileRef = 3D9FEE18262F0E4A00E99853 /* LaunchScreen.storyboard */; };
		3D9FEE25262F12B400E99853 /* Schoolbell-Regular.ttf in Resources */ = {isa = PBXBuildFile; fileRef = 3D9FEE24262F12B400E99853 /* Schoolbell-Regular.ttf */; };
/* End PBXBuildFile section */

/* Begin PBXFileReference section */
		3D9FEE0A262F0E4800E99853 /* cook.app */ = {isa = PBXFileReference; explicitFileType = wrapper.application; includeInIndex = 0; path = cook.app; sourceTree = BUILT_PRODUCTS_DIR; };
		3D9FEE0D262F0E4800E99853 /* AppDelegate.swift */ = {isa = PBXFileReference; lastKnownFileType = sourcecode.swift; path = AppDelegate.swift; sourceTree = "<group>"; };
		3D9FEE0F262F0E4800E99853 /* SceneDelegate.swift */ = {isa = PBXFileReference; lastKnownFileType = sourcecode.swift; path = SceneDelegate.swift; sourceTree = "<group>"; };
		3D9FEE11262F0E4800E99853 /* ViewController.swift */ = {isa = PBXFileReference; lastKnownFileType = sourcecode.swift; path = ViewController.swift; sourceTree = "<group>"; };
		3D9FEE14262F0E4800E99853 /* Base */ = {isa = PBXFileReference; lastKnownFileType = file.storyboard; name = Base; path = Base.lproj/Main.storyboard; sourceTree = "<group>"; };
		3D9FEE16262F0E4A00E99853 /* Assets.xcassets */ = {isa = PBXFileReference; lastKnownFileType = folder.assetcatalog; path = Assets.xcassets; sourceTree = "<group>"; };
		3D9FEE19262F0E4A00E99853 /* Base */ = {isa = PBXFileReference; lastKnownFileType = file.storyboard; name = Base; path = Base.lproj/LaunchScreen.storyboard; sourceTree = "<group>"; };
		3D9FEE1B262F0E4A00E99853 /* Info.plist */ = {isa = PBXFileReference; lastKnownFileType = text.plist.xml; path = Info.plist; sourceTree = "<group>"; };
		3D9FEE24262F12B400E99853 /* Schoolbell-Regular.ttf */ = {isa = PBXFileReference; lastKnownFileType = file; path = "Schoolbell-Regular.ttf"; sourceTree = "<group>"; };
/* End PBXFileReference section */

/* Begin PBXFrameworksBuildPhase section */
		3D9FEE07262F0E4800E99853 /* Frameworks */ = {
			isa = PBXFrameworksBuildPhase;
			buildActionMask = 2147483647;
			files = (
			);
			runOnlyForDeploymentPostprocessing = 0;
		};
/* End PBXFrameworksBuildPhase section */

/* Begin PBXGroup section */
		3D9FEE01262F0E4800E99853 = {
			isa = PBXGroup;
			children = (
				3D9FEE0C262F0E4800E99853 /* cook */,
				3D9FEE0B262F0E4800E99853 /* Products */,
			);
			sourceTree = "<group>";
		};
		3D9FEE0B262F0E4800E99853 /* Products */ = {
			isa = PBXGroup;
			children = (
				3D9FEE0A262F0E4800E99853 /* cook.app */,
			);
			name = Products;
			sourceTree = "<group>";
		};
		3D9FEE0C262F0E4800E99853 /* cook */ = {
			isa = PBXGroup;
			children = (
				3D9FEE22262F126000E99853 /* font */,
				3D9FEE0D262F0E4800E99853 /* AppDelegate.swift */,
				3D9FEE0F262F0E4800E99853 /* SceneDelegate.swift */,
				3D9FEE11262F0E4800E99853 /* ViewController.swift */,
				3D9FEE13262F0E4800E99853 /* Main.storyboard */,
				3D9FEE16262F0E4A00E99853 /* Assets.xcassets */,
				3D9FEE18262F0E4A00E99853 /* LaunchScreen.storyboard */,
				3D9FEE1B262F0E4A00E99853 /* Info.plist */,
			);
			path = cook;
			sourceTree = "<group>";
		};
		3D9FEE22262F126000E99853 /* font */ = {
			isa = PBXGroup;
			children = (
				3D9FEE24262F12B400E99853 /* Schoolbell-Regular.ttf */,
			);
			path = font;
			sourceTree = "<group>";
		};
/* End PBXGroup section */

/* Begin PBXNativeTarget section */
		3D9FEE09262F0E4800E99853 /* cook */ = {
			isa = PBXNativeTarget;
			buildConfigurationList = 3D9FEE1E262F0E4A00E99853 /* Build configuration list for PBXNativeTarget "cook" */;
			buildPhases = (
				3D9FEE06262F0E4800E99853 /* Sources */,
				3D9FEE07262F0E4800E99853 /* Frameworks */,
				3D9FEE08262F0E4800E99853 /* Resources */,
			);
			buildRules = (
			);
			dependencies = (
			);
			name = cook;
			productName = cook;
			productReference = 3D9FEE0A262F0E4800E99853 /* cook.app */;
			productType = "com.apple.product-type.application";
		};
/* End PBXNativeTarget section */

/* Begin PBXProject section */
		3D9FEE02262F0E4800E99853 /* Project object */ = {
			isa = PBXProject;
			attributes = {
				LastSwiftUpdateCheck = 1240;
				LastUpgradeCheck = 1240;
				TargetAttributes = {
					3D9FEE09262F0E4800E99853 = {
						CreatedOnToolsVersion = 12.4;
					};
				};
			};
			buildConfigurationList = 3D9FEE05262F0E4800E99853 /* Build configuration list for PBXProject "cook" */;
			compatibilityVersion = "Xcode 9.3";
			developmentRegion = en;
			hasScannedForEncodings = 0;
			knownRegions = (
				en,
				Base,
			);
			mainGroup = 3D9FEE01262F0E4800E99853;
			productRefGroup = 3D9FEE0B262F0E4800E99853 /* Products */;
			projectDirPath = "";
			projectRoot = "";
			targets = (
				3D9FEE09262F0E4800E99853 /* cook */,
			);
		};
/* End PBXProject section */

/* Begin PBXResourcesBuildPhase section */
		3D9FEE08262F0E4800E99853 /* Resources */ = {
			isa = PBXResourcesBuildPhase;
			buildActionMask = 2147483647;
			files = (
				3D9FEE25262F12B400E99853 /* Schoolbell-Regular.ttf in Resources */,
				3D9FEE1A262F0E4A00E99853 /* LaunchScreen.storyboard in Resources */,
				3D9FEE17262F0E4A00E99853 /* Assets.xcassets in Resources */,
				3D9FEE15262F0E4800E99853 /* Main.storyboard in Resources */,
			);
			runOnlyForDeploymentPostprocessing = 0;
		};
/* End PBXResourcesBuildPhase section */

/* Begin PBXSourcesBuildPhase section */
		3D9FEE06262F0E4800E99853 /* Sources */ = {
			isa = PBXSourcesBuildPhase;
			buildActionMask = 2147483647;
			files = (
				3D9FEE12262F0E4800E99853 /* ViewController.swift in Sources */,
				3D9FEE0E262F0E4800E99853 /* AppDelegate.swift in Sources */,
				3D9FEE10262F0E4800E99853 /* SceneDelegate.swift in Sources */,
			);
			runOnlyForDeploymentPostprocessing = 0;
		};
/* End PBXSourcesBuildPhase section */

/* Begin PBXVariantGroup section */
		3D9FEE13262F0E4800E99853 /* Main.storyboard */ = {
			isa = PBXVariantGroup;
			children = (
				3D9FEE14262F0E4800E99853 /* Base */,
			);
			name = Main.storyboard;
			sourceTree = "<group>";
		};
		3D9FEE18262F0E4A00E99853 /* LaunchScreen.storyboard */ = {
			isa = PBXVariantGroup;
			children = (
				3D9FEE19262F0E4A00E99853 /* Base */,
			);
			name = LaunchScreen.storyboard;
			sourceTree = "<group>";
		};
/* End PBXVariantGroup section */

/* Begin XCBuildConfiguration section */
		3D9FEE1C262F0E4A00E99853 /* Debug */ = {
			isa = XCBuildConfiguration;
			buildSettings = {
				ALWAYS_SEARCH_USER_PATHS = NO;
				CLANG_ANALYZER_NONNULL = YES;
				CLANG_ANALYZER_NUMBER_OBJECT_CONVERSION = YES_AGGRESSIVE;
				CLANG_CXX_LANGUAGE_STANDARD = "gnu++14";
				CLANG_CXX_LIBRARY = "libc++";
				CLANG_ENABLE_MODULES = YES;
				CLANG_ENABLE_OBJC_ARC = YES;
				CLANG_ENABLE_OBJC_WEAK = YES;
				CLANG_WARN_BLOCK_CAPTURE_AUTORELEASING = YES;
				CLANG_WARN_BOOL_CONVERSION = YES;
				CLANG_WARN_COMMA = YES;
				CLANG_WARN_CONSTANT_CONVERSION = YES;
				CLANG_WARN_DEPRECATED_OBJC_IMPLEMENTATIONS = YES;
				CLANG_WARN_DIRECT_OBJC_ISA_USAGE = YES_ERROR;
				CLANG_WARN_DOCUMENTATION_COMMENTS = YES;
				CLANG_WARN_EMPTY_BODY = YES;
				CLANG_WARN_ENUM_CONVERSION = YES;
				CLANG_WARN_INFINITE_RECURSION = YES;
				CLANG_WARN_INT_CONVERSION = YES;
				CLANG_WARN_NON_LITERAL_NULL_CONVERSION = YES;
				CLANG_WARN_OBJC_IMPLICIT_RETAIN_SELF = YES;
				CLANG_WARN_OBJC_LITERAL_CONVERSION = YES;
				CLANG_WARN_OBJC_ROOT_CLASS = YES_ERROR;
				CLANG_WARN_QUOTED_INCLUDE_IN_FRAMEWORK_HEADER = YES;
				CLANG_WARN_RANGE_LOOP_ANALYSIS = YES;
				CLANG_WARN_STRICT_PROTOTYPES = YES;
				CLANG_WARN_SUSPICIOUS_MOVE = YES;
				CLANG_WARN_UNGUARDED_AVAILABILITY = YES_AGGRESSIVE;
				CLANG_WARN_UNREACHABLE_CODE = YES;
				CLANG_WARN__DUPLICATE_METHOD_MATCH = YES;
				COPY_PHASE_STRIP = NO;
				DEBUG_INFORMATION_FORMAT = dwarf;
				ENABLE_STRICT_OBJC_MSGSEND = YES;
				ENABLE_TESTABILITY = YES;
				GCC_C_LANGUAGE_STANDARD = gnu11;
				GCC_DYNAMIC_NO_PIC = NO;
				GCC_NO_COMMON_BLOCKS = YES;
				GCC_OPTIMIZATION_LEVEL = 0;
				GCC_PREPROCESSOR_DEFINITIONS = (
					"DEBUG=1",
					"$(inherited)",
				);
				GCC_WARN_64_TO_32_BIT_CONVERSION = YES;
				GCC_WARN_ABOUT_RETURN_TYPE = YES_ERROR;
				GCC_WARN_UNDECLARED_SELECTOR = YES;
				GCC_WARN_UNINITIALIZED_AUTOS = YES_AGGRESSIVE;
				GCC_WARN_UNUSED_FUNCTION = YES;
				GCC_WARN_UNUSED_VARIABLE = YES;
				IPHONEOS_DEPLOYMENT_TARGET = 14.4;
				MTL_ENABLE_DEBUG_INFO = INCLUDE_SOURCE;
				MTL_FAST_MATH = YES;
				ONLY_ACTIVE_ARCH = YES;
				SDKROOT = iphoneos;
				SWIFT_ACTIVE_COMPILATION_CONDITIONS = DEBUG;
				SWIFT_OPTIMIZATION_LEVEL = "-Onone";
			};
			name = Debug;
		};
		3D9FEE1D262F0E4A00E99853 /* Release */ = {
			isa = XCBuildConfiguration;
			buildSettings = {
				ALWAYS_SEARCH_USER_PATHS = NO;
				CLANG_ANALYZER_NONNULL = YES;
				CLANG_ANALYZER_NUMBER_OBJECT_CONVERSION = YES_AGGRESSIVE;
				CLANG_CXX_LANGUAGE_STANDARD = "gnu++14";
				CLANG_CXX_LIBRARY = "libc++";
				CLANG_ENABLE_MODULES = YES;
				CLANG_ENABLE_OBJC_ARC = YES;
				CLANG_ENABLE_OBJC_WEAK = YES;
				CLANG_WARN_BLOCK_CAPTURE_AUTORELEASING = YES;
				CLANG_WARN_BOOL_CONVERSION = YES;
				CLANG_WARN_COMMA = YES;
				CLANG_WARN_CONSTANT_CONVERSION = YES;
				CLANG_WARN_DEPRECATED_OBJC_IMPLEMENTATIONS = YES;
				CLANG_WARN_DIRECT_OBJC_ISA_USAGE = YES_ERROR;
				CLANG_WARN_DOCUMENTATION_COMMENTS = YES;
				CLANG_WARN_EMPTY_BODY = YES;
				CLANG_WARN_ENUM_CONVERSION = YES;
				CLANG_WARN_INFINITE_RECURSION = YES;
				CLANG_WARN_INT_CONVERSION = YES;
				CLANG_WARN_NON_LITERAL_NULL_CONVERSION = YES;
				CLANG_WARN_OBJC_IMPLICIT_RETAIN_SELF = YES;
				CLANG_WARN_OBJC_LITERAL_CONVERSION = YES;
				CLANG_WARN_OBJC_ROOT_CLASS = YES_ERROR;
				CLANG_WARN_QUOTED_INCLUDE_IN_FRAMEWORK_HEADER = YES;
				CLANG_WARN_RANGE_LOOP_ANALYSIS = YES;
				CLANG_WARN_STRICT_PROTOTYPES = YES;
				CLANG_WARN_SUSPICIOUS_MOVE = YES;
				CLANG_WARN_UNGUARDED_AVAILABILITY = YES_AGGRESSIVE;
				CLANG_WARN_UNREACHABLE_CODE = YES;
				CLANG_WARN__DUPLICATE_METHOD_MATCH = YES;
				COPY_PHASE_STRIP = NO;
				DEBUG_INFORMATION_FORMAT = "dwarf-with-dsym";
				ENABLE_NS_ASSERTIONS = NO;
				ENABLE_STRICT_OBJC_MSGSEND = YES;
				GCC_C_LANGUAGE_STANDARD = gnu11;
				GCC_NO_COMMON_BLOCKS = YES;
				GCC_WARN_64_TO_32_BIT_CONVERSION = YES;
				GCC_WARN_ABOUT_RETURN_TYPE = YES_ERROR;
				GCC_WARN_UNDECLARED_SELECTOR = YES;
				GCC_WARN_UNINITIALIZED_AUTOS = YES_AGGRESSIVE;
				GCC_WARN_UNUSED_FUNCTION = YES;
				GCC_WARN_UNUSED_VARIABLE = YES;
				IPHONEOS_DEPLOYMENT_TARGET = 14.4;
				MTL_ENABLE_DEBUG_INFO = NO;
				MTL_FAST_MATH = YES;
				SDKROOT = iphoneos;
				SWIFT_COMPILATION_MODE = wholemodule;
				SWIFT_OPTIMIZATION_LEVEL = "-O";
				VALIDATE_PRODUCT = YES;
			};
			name = Release;
		};
		3D9FEE1F262F0E4A00E99853 /* Debug */ = {
			isa = XCBuildConfiguration;
			buildSettings = {
				ASSETCATALOG_COMPILER_APPICON_NAME = AppIcon;
				ASSETCATALOG_COMPILER_GLOBAL_ACCENT_COLOR_NAME = AccentColor;
				CODE_SIGN_STYLE = Automatic;
				INFOPLIST_FILE = cook/Info.plist;
				LD_RUNPATH_SEARCH_PATHS = (
					"$(inherited)",
					"@executable_path/Frameworks",
				);
				PRODUCT_BUNDLE_IDENTIFIER = kang.cook;
				PRODUCT_NAME = "$(TARGET_NAME)";
				SWIFT_VERSION = 5.0;
				TARGETED_DEVICE_FAMILY = "1,2";
			};
			name = Debug;
		};
		3D9FEE20262F0E4A00E99853 /* Release */ = {
			isa = XCBuildConfiguration;
			buildSettings = {
				ASSETCATALOG_COMPILER_APPICON_NAME = AppIcon;
				ASSETCATALOG_COMPILER_GLOBAL_ACCENT_COLOR_NAME = AccentColor;
				CODE_SIGN_STYLE = Automatic;
				INFOPLIST_FILE = cook/Info.plist;
				LD_RUNPATH_SEARCH_PATHS = (
					"$(inherited)",
					"@executable_path/Frameworks",
				);
				PRODUCT_BUNDLE_IDENTIFIER = kang.cook;
				PRODUCT_NAME = "$(TARGET_NAME)";
				SWIFT_VERSION = 5.0;
				TARGETED_DEVICE_FAMILY = "1,2";
			};
			name = Release;
		};
/* End XCBuildConfiguration section */

/* Begin XCConfigurationList section */
		3D9FEE05262F0E4800E99853 /* Build configuration list for PBXProject "cook" */ = {
			isa = XCConfigurationList;
			buildConfigurations = (
				3D9FEE1C262F0E4A00E99853 /* Debug */,
				3D9FEE1D262F0E4A00E99853 /* Release */,
			);
			defaultConfigurationIsVisible = 0;
			defaultConfigurationName = Release;
		};
		3D9FEE1E262F0E4A00E99853 /* Build configuration list for PBXNativeTarget "cook" */ = {
			isa = XCConfigurationList;
			buildConfigurations = (
				3D9FEE1F262F0E4A00E99853 /* Debug */,
				3D9FEE20262F0E4A00E99853 /* Release */,
			);
			defaultConfigurationIsVisible = 0;
			defaultConfigurationName = Release;
		};
/* End XCConfigurationList section */
	};
	rootObject = 3D9FEE02262F0E4800E99853 /* Project object */;
}
